
Microsoft Visual Studio Solution File, Format Version 12.00
# Visual Studio Version 17
VisualStudioVersion = 17.14.36623.8 d17.14
MinimumVisualStudioVersion = 10.0.40219.1
Project("{FAE04EC0-301F-11D3-BF4B-00C04F79EFBC}") = "seguimiento_de_tareas_de_proyectos", "seguimiento_de_tareas_de_proyectos.csproj", "{EA579823-B5CB-46C9-93B5-A182BA517AC3}"
EndProject
Global
	GlobalSection(SolutionConfigurationPlatforms) = preSolution
		Debug|Any CPU = Debug|Any CPU
		Release|Any CPU = Release|Any CPU
	EndGlobalSection
	GlobalSection(ProjectConfigurationPlatforms) = postSolution
		{EA579823-B5CB-46C9-93B5-A182BA517AC3}.Debug|Any CPU.ActiveCfg = Debug|Any CPU
		{EA579823-B5CB-46C9-93B5-A182BA517AC3}.Debug|Any CPU.Build.0 = Debug|Any CPU
		{EA579823-B5CB-46C9-93B5-A182BA517AC3}.Release|Any CPU.ActiveCfg = Release|Any CPU
		{EA579823-B5CB-46C9-93B5-A182BA517AC3}.Release|Any CPU.Build.0 = Release|Any CPU
	EndGlobalSection
	GlobalSection(SolutionProperties) = preSolution
		HideSolutionNode = FALSE
	EndGlobalSection
	GlobalSection(ExtensibilityGlobals) = postSolution
		SolutionGuid = {FAF882A9-F512-412E-A6F8-9403AB7C92DC}
	EndGlobalSection
EndGlobal
